{
  "name": "ctgz-apps",
  "version": "1.0.0",
  "lockfileVersion": 3,
  "requires": true,
  "packages": {
    "": {
      "name": "ctgz-apps",
      "version": "1.0.0",
      "license": "ISC",
      "devDependencies": {
        "@types/google-apps-script": "^1.0.99"
      }
    },
    "node_modules/@types/google-apps-script": {
      "version": "1.0.99",
      "resolved": "https://registry.npmjs.org/@types/google-apps-script/-/google-apps-script-1.0.99.tgz",
      "integrity": "sha512-JrOXCWxYmY1ePWZXQxegrVMdXS0vuN69AMUfDIvfz5aLZ+El5JcYllwzeXeFC1YoM3lMWtPNGjgeTxlz8jih6w==",
      "dev": true,
      "license": "MIT"
    }
  }
}
